
Microsoft Visual Studio Solution File, Format Version 12.00
# Visual Studio 15
VisualStudioVersion = 15.0.28307.960
MinimumVisualStudioVersion = 10.0.40219.1
Project("{FAE04EC0-301F-11D3-BF4B-00C04F79EFBC}") = "ImaPixelEr", "ImaPixelEr\ImaPixelEr.csproj", "{E3FBCC1D-6083-4D19-9F78-555FF7CE923A}"
EndProject
Global
	GlobalSection(SolutionConfigurationPlatforms) = preSolution
		Debug|Any CPU = Debug|Any CPU
		Release|Any CPU = Release|Any CPU
	EndGlobalSection
	GlobalSection(ProjectConfigurationPlatforms) = postSolution
		{E3FBCC1D-6083-4D19-9F78-555FF7CE923A}.Debug|Any CPU.ActiveCfg = Debug|Any CPU
		{E3FBCC1D-6083-4D19-9F78-555FF7CE923A}.Debug|Any CPU.Build.0 = Debug|Any CPU
		{E3FBCC1D-6083-4D19-9F78-555FF7CE923A}.Release|Any CPU.ActiveCfg = Release|Any CPU
		{E3FBCC1D-6083-4D19-9F78-555FF7CE923A}.Release|Any CPU.Build.0 = Release|Any CPU
	EndGlobalSection
	GlobalSection(SolutionProperties) = preSolution
		HideSolutionNode = FALSE
	EndGlobalSection
	GlobalSection(ExtensibilityGlobals) = postSolution
		SolutionGuid = {3DC97358-79EF-4EBC-92E8-CE964FC0D777}
	EndGlobalSection
EndGlobal
